
Microsoft Visual Studio Solution File, Format Version 12.00
# Visual Studio Version 17
VisualStudioVersion = 17.0.31903.59
MinimumVisualStudioVersion = 10.0.40219.1
Project("{2150E333-8FDC-42A3-9474-1A3956D46DE8}") = "src", "src", "{827E0CD3-B72D-47B6-A68D-7590B98EB39B}"
EndProject
Project("{FAE04EC0-301F-11D3-BF4B-00C04F79EFBC}") = "Api", "src\Api\Api.csproj", "{96E3439C-4878-481A-BA94-4194ED22F426}"
EndProject
Project("{FAE04EC0-301F-11D3-BF4B-00C04F79EFBC}") = "Application", "src\Application\Application.csproj", "{AB966322-C569-4B17-9862-8F4F477B562E}"
EndProject
Project("{FAE04EC0-301F-11D3-BF4B-00C04F79EFBC}") = "Domain", "src\Domain\Domain.csproj", "{0359EE4D-E619-4889-92AD-EAB04FB03F26}"
EndProject
Project("{FAE04EC0-301F-11D3-BF4B-00C04F79EFBC}") = "Infrastructure", "src\Infrastructure\Infrastructure.csproj", "{AF932DAC-4EDE-4CA8-94B5-57A41A4B04D1}"
EndProject
Project("{2150E333-8FDC-42A3-9474-1A3956D46DE8}") = "tests", "tests", "{0AB3BF05-4346-4AA6-1389-037BE0695223}"
EndProject
Project("{FAE04EC0-301F-11D3-BF4B-00C04F79EFBC}") = "Tests", "tests\Tests.csproj", "{EDCFD3BD-F108-4DAA-A190-86072DCBA908}"
EndProject
Global
	GlobalSection(SolutionConfigurationPlatforms) = preSolution
		Debug|Any CPU = Debug|Any CPU
		Debug|x64 = Debug|x64
		Debug|x86 = Debug|x86
		Release|Any CPU = Release|Any CPU
		Release|x64 = Release|x64
		Release|x86 = Release|x86
	EndGlobalSection
	GlobalSection(ProjectConfigurationPlatforms) = postSolution
		{96E3439C-4878-481A-BA94-4194ED22F426}.Debug|Any CPU.ActiveCfg = Debug|Any CPU
		{96E3439C-4878-481A-BA94-4194ED22F426}.Debug|Any CPU.Build.0 = Debug|Any CPU
		{96E3439C-4878-481A-BA94-4194ED22F426}.Debug|x64.ActiveCfg = Debug|Any CPU
		{96E3439C-4878-481A-BA94-4194ED22F426}.Debug|x64.Build.0 = Debug|Any CPU
		{96E3439C-4878-481A-BA94-4194ED22F426}.Debug|x86.ActiveCfg = Debug|Any CPU
		{96E3439C-4878-481A-BA94-4194ED22F426}.Debug|x86.Build.0 = Debug|Any CPU
		{96E3439C-4878-481A-BA94-4194ED22F426}.Release|Any CPU.ActiveCfg = Release|Any CPU
		{96E3439C-4878-481A-BA94-4194ED22F426}.Release|Any CPU.Build.0 = Release|Any CPU
		{96E3439C-4878-481A-BA94-4194ED22F426}.Release|x64.ActiveCfg = Release|Any CPU
		{96E3439C-4878-481A-BA94-4194ED22F426}.Release|x64.Build.0 = Release|Any CPU
		{96E3439C-4878-481A-BA94-4194ED22F426}.Release|x86.ActiveCfg = Release|Any CPU
		{96E3439C-4878-481A-BA94-4194ED22F426}.Release|x86.Build.0 = Release|Any CPU
		{AB966322-C569-4B17-9862-8F4F477B562E}.Debug|Any CPU.ActiveCfg = Debug|Any CPU
		{AB966322-C569-4B17-9862-8F4F477B562E}.Debug|Any CPU.Build.0 = Debug|Any CPU
		{AB966322-C569-4B17-9862-8F4F477B562E}.Debug|x64.ActiveCfg = Debug|Any CPU
		{AB966322-C569-4B17-9862-8F4F477B562E}.Debug|x64.Build.0 = Debug|Any CPU
		{AB966322-C569-4B17-9862-8F4F477B562E}.Debug|x86.ActiveCfg = Debug|Any CPU
		{AB966322-C569-4B17-9862-8F4F477B562E}.Debug|x86.Build.0 = Debug|Any CPU
		{AB966322-C569-4B17-9862-8F4F477B562E}.Release|Any CPU.ActiveCfg = Release|Any CPU
		{AB966322-C569-4B17-9862-8F4F477B562E}.Release|Any CPU.Build.0 = Release|Any CPU
		{AB966322-C569-4B17-9862-8F4F477B562E}.Release|x64.ActiveCfg = Release|Any CPU
		{AB966322-C569-4B17-9862-8F4F477B562E}.Release|x64.Build.0 = Release|Any CPU
		{AB966322-C569-4B17-9862-8F4F477B562E}.Release|x86.ActiveCfg = Release|Any CPU
		{AB966322-C569-4B17-9862-8F4F477B562E}.Release|x86.Build.0 = Release|Any CPU
		{0359EE4D-E619-4889-92AD-EAB04FB03F26}.Debug|Any CPU.ActiveCfg = Debug|Any CPU
		{0359EE4D-E619-4889-92AD-EAB04FB03F26}.Debug|Any CPU.Build.0 = Debug|Any CPU
		{0359EE4D-E619-4889-92AD-EAB04FB03F26}.Debug|x64.ActiveCfg = Debug|Any CPU
		{0359EE4D-E619-4889-92AD-EAB04FB03F26}.Debug|x64.Build.0 = Debug|Any CPU
		{0359EE4D-E619-4889-92AD-EAB04FB03F26}.Debug|x86.ActiveCfg = Debug|Any CPU
		{0359EE4D-E619-4889-92AD-EAB04FB03F26}.Debug|x86.Build.0 = Debug|Any CPU
		{0359EE4D-E619-4889-92AD-EAB04FB03F26}.Release|Any CPU.ActiveCfg = Release|Any CPU
		{0359EE4D-E619-4889-92AD-EAB04FB03F26}.Release|Any CPU.Build.0 = Release|Any CPU
		{0359EE4D-E619-4889-92AD-EAB04FB03F26}.Release|x64.ActiveCfg = Release|Any CPU
		{0359EE4D-E619-4889-92AD-EAB04FB03F26}.Release|x64.Build.0 = Release|Any CPU
		{0359EE4D-E619-4889-92AD-EAB04FB03F26}.Release|x86.ActiveCfg = Release|Any CPU
		{0359EE4D-E619-4889-92AD-EAB04FB03F26}.Release|x86.Build.0 = Release|Any CPU
		{AF932DAC-4EDE-4CA8-94B5-57A41A4B04D1}.Debug|Any CPU.ActiveCfg = Debug|Any CPU
		{AF932DAC-4EDE-4CA8-94B5-57A41A4B04D1}.Debug|Any CPU.Build.0 = Debug|Any CPU
		{AF932DAC-4EDE-4CA8-94B5-57A41A4B04D1}.Debug|x64.ActiveCfg = Debug|Any CPU
		{AF932DAC-4EDE-4CA8-94B5-57A41A4B04D1}.Debug|x64.Build.0 = Debug|Any CPU
		{AF932DAC-4EDE-4CA8-94B5-57A41A4B04D1}.Debug|x86.ActiveCfg = Debug|Any CPU
		{AF932DAC-4EDE-4CA8-94B5-57A41A4B04D1}.Debug|x86.Build.0 = Debug|Any CPU
		{AF932DAC-4EDE-4CA8-94B5-57A41A4B04D1}.Release|Any CPU.ActiveCfg = Release|Any CPU
		{AF932DAC-4EDE-4CA8-94B5-57A41A4B04D1}.Release|Any CPU.Build.0 = Release|Any CPU
		{AF932DAC-4EDE-4CA8-94B5-57A41A4B04D1}.Release|x64.ActiveCfg = Release|Any CPU
		{AF932DAC-4EDE-4CA8-94B5-57A41A4B04D1}.Release|x64.Build.0 = Release|Any CPU
		{AF932DAC-4EDE-4CA8-94B5-57A41A4B04D1}.Release|x86.ActiveCfg = Release|Any CPU
		{AF932DAC-4EDE-4CA8-94B5-57A41A4B04D1}.Release|x86.Build.0 = Release|Any CPU
		{EDCFD3BD-F108-4DAA-A190-86072DCBA908}.Debug|Any CPU.ActiveCfg = Debug|Any CPU
		{EDCFD3BD-F108-4DAA-A190-86072DCBA908}.Debug|Any CPU.Build.0 = Debug|Any CPU
		{EDCFD3BD-F108-4DAA-A190-86072DCBA908}.Debug|x64.ActiveCfg = Debug|Any CPU
		{EDCFD3BD-F108-4DAA-A190-86072DCBA908}.Debug|x64.Build.0 = Debug|Any CPU
		{EDCFD3BD-F108-4DAA-A190-86072DCBA908}.Debug|x86.ActiveCfg = Debug|Any CPU
		{EDCFD3BD-F108-4DAA-A190-86072DCBA908}.Debug|x86.Build.0 = Debug|Any CPU
		{EDCFD3BD-F108-4DAA-A190-86072DCBA908}.Release|Any CPU.ActiveCfg = Release|Any CPU
		{EDCFD3BD-F108-4DAA-A190-86072DCBA908}.Release|Any CPU.Build.0 = Release|Any CPU
		{EDCFD3BD-F108-4DAA-A190-86072DCBA908}.Release|x64.ActiveCfg = Release|Any CPU
		{EDCFD3BD-F108-4DAA-A190-86072DCBA908}.Release|x64.Build.0 = Release|Any CPU
		{EDCFD3BD-F108-4DAA-A190-86072DCBA908}.Release|x86.ActiveCfg = Release|Any CPU
		{EDCFD3BD-F108-4DAA-A190-86072DCBA908}.Release|x86.Build.0 = Release|Any CPU
	EndGlobalSection
	GlobalSection(SolutionProperties) = preSolution
		HideSolutionNode = FALSE
	EndGlobalSection
	GlobalSection(NestedProjects) = preSolution
		{96E3439C-4878-481A-BA94-4194ED22F426} = {827E0CD3-B72D-47B6-A68D-7590B98EB39B}
		{AB966322-C569-4B17-9862-8F4F477B562E} = {827E0CD3-B72D-47B6-A68D-7590B98EB39B}
		{0359EE4D-E619-4889-92AD-EAB04FB03F26} = {827E0CD3-B72D-47B6-A68D-7590B98EB39B}
		{AF932DAC-4EDE-4CA8-94B5-57A41A4B04D1} = {827E0CD3-B72D-47B6-A68D-7590B98EB39B}
		{EDCFD3BD-F108-4DAA-A190-86072DCBA908} = {0AB3BF05-4346-4AA6-1389-037BE0695223}
	EndGlobalSection
EndGlobal
